PODS:
  - Auth0 (2.18.0):
    - JWTDecode (= 3.3.0)
    - SimpleKeychain (= 1.3.0)
  - auth0_flutter (2.1.0):
    - Auth0 (= 2.18.0)
    - Flutter
    - FlutterMacOS
    - JWTDecode (= 3.3.0)
    - SimpleKeychain (= 1.3.0)
  - FlutterMacOS (1.0.0)
  - JWTDecode (3.3.0)
  - SimpleKeychain (1.3.0)

DEPENDENCIES:
  - auth0_flutter (from `Flutter/ephemeral/.symlinks/plugins/auth0_flutter/darwin`)
  - FlutterMacOS (from `Flutter/ephemeral`)

SPEC REPOS:
  trunk:
    - Auth0
    - JWTDecode
    - SimpleKeychain

EXTERNAL SOURCES:
  auth0_flutter:
    :path: Flutter/ephemeral/.symlinks/plugins/auth0_flutter/darwin
  FlutterMacOS:
    :path: Flutter/ephemeral

SPEC CHECKSUMS:
  Auth0: ddc5c6c7eb17e2484fd8d50a15d99b657c36c72c
  auth0_flutter: 53b73d41060eda0eb0051c7fe8b7d981d921d263
  FlutterMacOS: d0db08ddef1a9af05a5ec4b724367152bb0500b1
  JWTDecode: 1ca6f765844457d0dd8690436860fecee788f631
  SimpleKeychain: 9c0f3ca8458fed74e01db864d181c5cbe278603e

PODFILE CHECKSUM: 346bfb2deb41d4a6ebd6f6799f92188bde2d246f

COCOAPODS: 1.16.2
